// !$*UTF8*$!
{
	archiveVersion = 1;
	classes = {
	};
	objectVersion = 50;
	objects = {

/* Begin PBXBuildFile section */
		844BEB6F2147EDF700367E02 /* AppDelegate.swift in Sources */ = {isa = PBXBuildFile; fileRef = 844BEB6E2147EDF700367E02 /* AppDelegate.swift */; };
		844BEB712147EDF700367E02 /* CompaniesController.swift in Sources */ = {isa = PBXBuildFile; fileRef = 844BEB702147EDF700367E02 /* CompaniesController.swift */; };
		844BEB742147EDF700367E02 /* Main.storyboard in Resources */ = {isa = PBXBuildFile; fileRef = 844BEB722147EDF700367E02 /* Main.storyboard */; };
		844BEB762147EDF900367E02 /* Assets.xcassets in Resources */ = {isa = PBXBuildFile; fileRef = 844BEB752147EDF900367E02 /* Assets.xcassets */; };
		844BEB792147EDF900367E02 /* LaunchScreen.storyboard in Resources */ = {isa = PBXBuildFile; fileRef = 844BEB772147EDF900367E02 /* LaunchScreen.storyboard */; };
		844BEB83214881D600367E02 /* UIColor+Extension.swift in Sources */ = {isa = PBXBuildFile; fileRef = 844BEB82214881D600367E02 /* UIColor+Extension.swift */; };
		844BEB85214892A400367E02 /* Company.swift in Sources */ = {isa = PBXBuildFile; fileRef = 844BEB84214892A400367E02 /* Company.swift */; };
		844BEB8721489A3400367E02 /* CreateCompanyController.swift in Sources */ = {isa = PBXBuildFile; fileRef = 844BEB8621489A3400367E02 /* CreateCompanyController.swift */; };
		844BEB8C2149465500367E02 /* Workforce.xcdatamodeld in Sources */ = {isa = PBXBuildFile; fileRef = 844BEB8A2149465500367E02 /* Workforce.xcdatamodeld */; };
		84915DF2214969E6002D4144 /* CoreDataManager.swift in Sources */ = {isa = PBXBuildFile; fileRef = 84915DF1214969E6002D4144 /* CoreDataManager.swift */; };
		84915DF421496B4F002D4144 /* Constants.swift in Sources */ = {isa = PBXBuildFile; fileRef = 84915DF321496B4F002D4144 /* Constants.swift */; };
/* End PBXBuildFile section */

/* Begin PBXFileReference section */
		844BEB6B2147EDF700367E02 /* Employee-Company-2D_Array-CoreData.app */ = {isa = PBXFileReference; explicitFileType = wrapper.application; includeInIndex = 0; path = "Employee-Company-2D_Array-CoreData.app"; sourceTree = BUILT_PRODUCTS_DIR; };
		844BEB6E2147EDF700367E02 /* AppDelegate.swift */ = {isa = PBXFileReference; lastKnownFileType = sourcecode.swift; path = AppDelegate.swift; sourceTree = "<group>"; };
		844BEB702147EDF700367E02 /* CompaniesController.swift */ = {isa = PBXFileReference; lastKnownFileType = sourcecode.swift; path = CompaniesController.swift; sourceTree = "<group>"; };
		844BEB732147EDF700367E02 /* Base */ = {isa = PBXFileReference; lastKnownFileType = file.storyboard; name = Base; path = Base.lproj/Main.storyboard; sourceTree = "<group>"; };
		844BEB752147EDF900367E02 /* Assets.xcassets */ = {isa = PBXFileReference; lastKnownFileType = folder.assetcatalog; path = Assets.xcassets; sourceTree = "<group>"; };
		844BEB782147EDF900367E02 /* Base */ = {isa = PBXFileReference; lastKnownFileType = file.storyboard; name = Base; path = Base.lproj/LaunchScreen.storyboard; sourceTree = "<group>"; };
		844BEB7A2147EDF900367E02 /* Info.plist */ = {isa = PBXFileReference; lastKnownFileType = text.plist.xml; path = Info.plist; sourceTree = "<group>"; };
		844BEB82214881D600367E02 /* UIColor+Extension.swift */ = {isa = PBXFileReference; lastKnownFileType = sourcecode.swift; path = "UIColor+Extension.swift"; sourceTree = "<group>"; };
		844BEB84214892A400367E02 /* Company.swift */ = {isa = PBXFileReference; lastKnownFileType = sourcecode.swift; path = Company.swift; sourceTree = "<group>"; };
		844BEB8621489A3400367E02 /* CreateCompanyController.swift */ = {isa = PBXFileReference; lastKnownFileType = sourcecode.swift; path = CreateCompanyController.swift; sourceTree = "<group>"; };
		844BEB8B2149465500367E02 /* Workforce.xcdatamodel */ = {isa = PBXFileReference; lastKnownFileType = wrapper.xcdatamodel; path = Workforce.xcdatamodel; sourceTree = "<group>"; };
		84915DF1214969E6002D4144 /* CoreDataManager.swift */ = {isa = PBXFileReference; lastKnownFileType = sourcecode.swift; path = CoreDataManager.swift; sourceTree = "<group>"; };
		84915DF321496B4F002D4144 /* Constants.swift */ = {isa = PBXFileReference; lastKnownFileType = sourcecode.swift; path = Constants.swift; sourceTree = "<group>"; };
/* End PBXFileReference section */

/* Begin PBXFrameworksBuildPhase section */
		844BEB682147EDF700367E02 /* Frameworks */ = {
			isa = PBXFrameworksBuildPhase;
			buildActionMask = 2147483647;
			files = (
			);
			runOnlyForDeploymentPostprocessing = 0;
		};
/* End PBXFrameworksBuildPhase section */

/* Begin PBXGroup section */
		844BEB622147EDF700367E02 = {
			isa = PBXGroup;
			children = (
				844BEB6D2147EDF700367E02 /* Employee-Company-2D_Array-CoreData */,
				844BEB8A2149465500367E02 /* Workforce.xcdatamodeld */,
				84915DF321496B4F002D4144 /* Constants.swift */,
				844BEB6C2147EDF700367E02 /* Products */,
			);
			sourceTree = "<group>";
		};
		844BEB6C2147EDF700367E02 /* Products */ = {
			isa = PBXGroup;
			children = (
				844BEB6B2147EDF700367E02 /* Employee-Company-2D_Array-CoreData.app */,
			);
			name = Products;
			sourceTree = "<group>";
		};
		844BEB6D2147EDF700367E02 /* Employee-Company-2D_Array-CoreData */ = {
			isa = PBXGroup;
			children = (
				844BEB8821489F5300367E02 /* Controllers */,
				844BEB82214881D600367E02 /* UIColor+Extension.swift */,
				844BEB84214892A400367E02 /* Company.swift */,
				844BEB8921489F6600367E02 /* Support Files */,
				844BEB7A2147EDF900367E02 /* Info.plist */,
				84915DF1214969E6002D4144 /* CoreDataManager.swift */,
			);
			path = "Employee-Company-2D_Array-CoreData";
			sourceTree = "<group>";
		};
		844BEB8821489F5300367E02 /* Controllers */ = {
			isa = PBXGroup;
			children = (
				844BEB8621489A3400367E02 /* CreateCompanyController.swift */,
				844BEB702147EDF700367E02 /* CompaniesController.swift */,
			);
			path = Controllers;
			sourceTree = "<group>";
		};
		844BEB8921489F6600367E02 /* Support Files */ = {
			isa = PBXGroup;
			children = (
				844BEB722147EDF700367E02 /* Main.storyboard */,
				844BEB6E2147EDF700367E02 /* AppDelegate.swift */,
				844BEB752147EDF900367E02 /* Assets.xcassets */,
				844BEB772147EDF900367E02 /* LaunchScreen.storyboard */,
			);
			path = "Support Files";
			sourceTree = "<group>";
		};
/* End PBXGroup section */

/* Begin PBXNativeTarget section */
		844BEB6A2147EDF700367E02 /* Employee-Company-2D_Array-CoreData */ = {
			isa = PBXNativeTarget;
			buildConfigurationList = 844BEB7D2147EDF900367E02 /* Build configuration list for PBXNativeTarget "Employee-Company-2D_Array-CoreData" */;
			buildPhases = (
				844BEB672147EDF700367E02 /* Sources */,
				844BEB682147EDF700367E02 /* Frameworks */,
				844BEB692147EDF700367E02 /* Resources */,
			);
			buildRules = (
			);
			dependencies = (
			);
			name = "Employee-Company-2D_Array-CoreData";
			productName = "Employee-Company-2D_Array-CoreData";
			productReference = 844BEB6B2147EDF700367E02 /* Employee-Company-2D_Array-CoreData.app */;
			productType = "com.apple.product-type.application";
		};
/* End PBXNativeTarget section */

/* Begin PBXProject section */
		844BEB632147EDF700367E02 /* Project object */ = {
			isa = PBXProject;
			attributes = {
				LastSwiftUpdateCheck = 0940;
				LastUpgradeCheck = 0940;
				ORGANIZATIONNAME = admin;
				TargetAttributes = {
					844BEB6A2147EDF700367E02 = {
						CreatedOnToolsVersion = 9.4.1;
					};
				};
			};
			buildConfigurationList = 844BEB662147EDF700367E02 /* Build configuration list for PBXProject "Employee-Company-2D_Array-CoreData" */;
			compatibilityVersion = "Xcode 9.3";
			developmentRegion = en;
			hasScannedForEncodings = 0;
			knownRegions = (
				en,
				Base,
			);
			mainGroup = 844BEB622147EDF700367E02;
			productRefGroup = 844BEB6C2147EDF700367E02 /* Products */;
			projectDirPath = "";
			projectRoot = "";
			targets = (
				844BEB6A2147EDF700367E02 /* Employee-Company-2D_Array-CoreData */,
			);
		};
/* End PBXProject section */

/* Begin PBXResourcesBuildPhase section */
		844BEB692147EDF700367E02 /* Resources */ = {
			isa = PBXResourcesBuildPhase;
			buildActionMask = 2147483647;
			files = (
				844BEB792147EDF900367E02 /* LaunchScreen.storyboard in Resources */,
				844BEB762147EDF900367E02 /* Assets.xcassets in Resources */,
				844BEB742147EDF700367E02 /* Main.storyboard in Resources */,
			);
			runOnlyForDeploymentPostprocessing = 0;
		};
/* End PBXResourcesBuildPhase section */

/* Begin PBXSourcesBuildPhase section */
		844BEB672147EDF700367E02 /* Sources */ = {
			isa = PBXSourcesBuildPhase;
			buildActionMask = 2147483647;
			files = (
				84915DF421496B4F002D4144 /* Constants.swift in Sources */,
				844BEB83214881D600367E02 /* UIColor+Extension.swift in Sources */,
				844BEB712147EDF700367E02 /* CompaniesController.swift in Sources */,
				844BEB8C2149465500367E02 /* Workforce.xcdatamodeld in Sources */,
				844BEB8721489A3400367E02 /* CreateCompanyController.swift in Sources */,
				844BEB6F2147EDF700367E02 /* AppDelegate.swift in Sources */,
				84915DF2214969E6002D4144 /* CoreDataManager.swift in Sources */,
				844BEB85214892A400367E02 /* Company.swift in Sources */,
			);
			runOnlyForDeploymentPostprocessing = 0;
		};
/* End PBXSourcesBuildPhase section */

/* Begin PBXVariantGroup section */
		844BEB722147EDF700367E02 /* Main.storyboard */ = {
			isa = PBXVariantGroup;
			children = (
				844BEB732147EDF700367E02 /* Base */,
			);
			name = Main.storyboard;
			sourceTree = "<group>";
		};
		844BEB772147EDF900367E02 /* LaunchScreen.storyboard */ = {
			isa = PBXVariantGroup;
			children = (
				844BEB782147EDF900367E02 /* Base */,
			);
			name = LaunchScreen.storyboard;
			sourceTree = "<group>";
		};
/* End PBXVariantGroup section */

/* Begin XCBuildConfiguration section */
		844BEB7B2147EDF900367E02 /* Debug */ = {
			isa = XCBuildConfiguration;
			buildSettings = {
				ALWAYS_SEARCH_USER_PATHS = NO;
				CLANG_ANALYZER_NONNULL = YES;
				CLANG_ANALYZER_NUMBER_OBJECT_CONVERSION = YES_AGGRESSIVE;
				CLANG_CXX_LANGUAGE_STANDARD = "gnu++14";
				CLANG_CXX_LIBRARY = "libc++";
				CLANG_ENABLE_MODULES = YES;
				CLANG_ENABLE_OBJC_ARC = YES;
				CLANG_ENABLE_OBJC_WEAK = YES;
				CLANG_WARN_BLOCK_CAPTURE_AUTORELEASING = YES;
				CLANG_WARN_BOOL_CONVERSION = YES;
				CLANG_WARN_COMMA = YES;
				CLANG_WARN_CONSTANT_CONVERSION = YES;
				CLANG_WARN_DEPRECATED_OBJC_IMPLEMENTATIONS = YES;
				CLANG_WARN_DIRECT_OBJC_ISA_USAGE = YES_ERROR;
				CLANG_WARN_DOCUMENTATION_COMMENTS = YES;
				CLANG_WARN_EMPTY_BODY = YES;
				CLANG_WARN_ENUM_CONVERSION = YES;
				CLANG_WARN_INFINITE_RECURSION = YES;
				CLANG_WARN_INT_CONVERSION = YES;
				CLANG_WARN_NON_LITERAL_NULL_CONVERSION = YES;
				CLANG_WARN_OBJC_IMPLICIT_RETAIN_SELF = YES;
				CLANG_WARN_OBJC_LITERAL_CONVERSION = YES;
				CLANG_WARN_OBJC_ROOT_CLASS = YES_ERROR;
				CLANG_WARN_RANGE_LOOP_ANALYSIS = YES;
				CLANG_WARN_STRICT_PROTOTYPES = YES;
				CLANG_WARN_SUSPICIOUS_MOVE = YES;
				CLANG_WARN_UNGUARDED_AVAILABILITY = YES_AGGRESSIVE;
				CLANG_WARN_UNREACHABLE_CODE = YES;
				CLANG_WARN__DUPLICATE_METHOD_MATCH = YES;
				CODE_SIGN_IDENTITY = "iPhone Developer";
				COPY_PHASE_STRIP = NO;
				DEBUG_INFORMATION_FORMAT = dwarf;
				ENABLE_STRICT_OBJC_MSGSEND = YES;
				ENABLE_TESTABILITY = YES;
				GCC_C_LANGUAGE_STANDARD = gnu11;
				GCC_DYNAMIC_NO_PIC = NO;
				GCC_NO_COMMON_BLOCKS = YES;
				GCC_OPTIMIZATION_LEVEL = 0;
				GCC_PREPROCESSOR_DEFINITIONS = (
					"DEBUG=1",
					"$(inherited)",
				);
				GCC_WARN_64_TO_32_BIT_CONVERSION = YES;
				GCC_WARN_ABOUT_RETURN_TYPE = YES_ERROR;
				GCC_WARN_UNDECLARED_SELECTOR = YES;
				GCC_WARN_UNINITIALIZED_AUTOS = YES_AGGRESSIVE;
				GCC_WARN_UNUSED_FUNCTION = YES;
				GCC_WARN_UNUSED_VARIABLE = YES;
				IPHONEOS_DEPLOYMENT_TARGET = 11.4;
				MTL_ENABLE_DEBUG_INFO = YES;
				ONLY_ACTIVE_ARCH = YES;
				SDKROOT = iphoneos;
				SWIFT_ACTIVE_COMPILATION_CONDITIONS = DEBUG;
				SWIFT_OPTIMIZATION_LEVEL = "-Onone";
			};
			name = Debug;
		};
		844BEB7C2147EDF900367E02 /* Release */ = {
			isa = XCBuildConfiguration;
			buildSettings = {
				ALWAYS_SEARCH_USER_PATHS = NO;
				CLANG_ANALYZER_NONNULL = YES;
				CLANG_ANALYZER_NUMBER_OBJECT_CONVERSION = YES_AGGRESSIVE;
				CLANG_CXX_LANGUAGE_STANDARD = "gnu++14";
				CLANG_CXX_LIBRARY = "libc++";
				CLANG_ENABLE_MODULES = YES;
				CLANG_ENABLE_OBJC_ARC = YES;
				CLANG_ENABLE_OBJC_WEAK = YES;
				CLANG_WARN_BLOCK_CAPTURE_AUTORELEASING = YES;
				CLANG_WARN_BOOL_CONVERSION = YES;
				CLANG_WARN_COMMA = YES;
				CLANG_WARN_CONSTANT_CONVERSION = YES;
				CLANG_WARN_DEPRECATED_OBJC_IMPLEMENTATIONS = YES;
				CLANG_WARN_DIRECT_OBJC_ISA_USAGE = YES_ERROR;
				CLANG_WARN_DOCUMENTATION_COMMENTS = YES;
				CLANG_WARN_EMPTY_BODY = YES;
				CLANG_WARN_ENUM_CONVERSION = YES;
				CLANG_WARN_INFINITE_RECURSION = YES;
				CLANG_WARN_INT_CONVERSION = YES;
				CLANG_WARN_NON_LITERAL_NULL_CONVERSION = YES;
				CLANG_WARN_OBJC_IMPLICIT_RETAIN_SELF = YES;
				CLANG_WARN_OBJC_LITERAL_CONVERSION = YES;
				CLANG_WARN_OBJC_ROOT_CLASS = YES_ERROR;
				CLANG_WARN_RANGE_LOOP_ANALYSIS = YES;
				CLANG_WARN_STRICT_PROTOTYPES = YES;
				CLANG_WARN_SUSPICIOUS_MOVE = YES;
				CLANG_WARN_UNGUARDED_AVAILABILITY = YES_AGGRESSIVE;
				CLANG_WARN_UNREACHABLE_CODE = YES;
				CLANG_WARN__DUPLICATE_METHOD_MATCH = YES;
				CODE_SIGN_IDENTITY = "iPhone Developer";
				COPY_PHASE_STRIP = NO;
				DEBUG_INFORMATION_FORMAT = "dwarf-with-dsym";
				ENABLE_NS_ASSERTIONS = NO;
				ENABLE_STRICT_OBJC_MSGSEND = YES;
				GCC_C_LANGUAGE_STANDARD = gnu11;
				GCC_NO_COMMON_BLOCKS = YES;
				GCC_WARN_64_TO_32_BIT_CONVERSION = YES;
				GCC_WARN_ABOUT_RETURN_TYPE = YES_ERROR;
				GCC_WARN_UNDECLARED_SELECTOR = YES;
				GCC_WARN_UNINITIALIZED_AUTOS = YES_AGGRESSIVE;
				GCC_WARN_UNUSED_FUNCTION = YES;
				GCC_WARN_UNUSED_VARIABLE = YES;
				IPHONEOS_DEPLOYMENT_TARGET = 11.4;
				MTL_ENABLE_DEBUG_INFO = NO;
				SDKROOT = iphoneos;
				SWIFT_COMPILATION_MODE = wholemodule;
				SWIFT_OPTIMIZATION_LEVEL = "-O";
				VALIDATE_PRODUCT = YES;
			};
			name = Release;
		};
		844BEB7E2147EDF900367E02 /* Debug */ = {
			isa = XCBuildConfiguration;
			buildSettings = {
				ASSETCATALOG_COMPILER_APPICON_NAME = AppIcon;
				CODE_SIGN_STYLE = Automatic;
				DEVELOPMENT_TEAM = S47KDE6E7N;
				INFOPLIST_FILE = "Employee-Company-2D_Array-CoreData/Info.plist";
				LD_RUNPATH_SEARCH_PATHS = (
					"$(inherited)",
					"@executable_path/Frameworks",
				);
				PRODUCT_BUNDLE_IDENTIFIER = "edu.asf.we.sa.Employee-Company-2D-Array-CoreData";
				PRODUCT_NAME = "$(TARGET_NAME)";
				SWIFT_VERSION = 4.0;
				TARGETED_DEVICE_FAMILY = "1,2";
			};
			name = Debug;
		};
		844BEB7F2147EDF900367E02 /* Release */ = {
			isa = XCBuildConfiguration;
			buildSettings = {
				ASSETCATALOG_COMPILER_APPICON_NAME = AppIcon;
				CODE_SIGN_STYLE = Automatic;
				DEVELOPMENT_TEAM = S47KDE6E7N;
				INFOPLIST_FILE = "Employee-Company-2D_Array-CoreData/Info.plist";
				LD_RUNPATH_SEARCH_PATHS = (
					"$(inherited)",
					"@executable_path/Frameworks",
				);
				PRODUCT_BUNDLE_IDENTIFIER = "edu.asf.we.sa.Employee-Company-2D-Array-CoreData";
				PRODUCT_NAME = "$(TARGET_NAME)";
				SWIFT_VERSION = 4.0;
				TARGETED_DEVICE_FAMILY = "1,2";
			};
			name = Release;
		};
/* End XCBuildConfiguration section */

/* Begin XCConfigurationList section */
		844BEB662147EDF700367E02 /* Build configuration list for PBXProject "Employee-Company-2D_Array-CoreData" */ = {
			isa = XCConfigurationList;
			buildConfigurations = (
				844BEB7B2147EDF900367E02 /* Debug */,
				844BEB7C2147EDF900367E02 /* Release */,
			);
			defaultConfigurationIsVisible = 0;
			defaultConfigurationName = Release;
		};
		844BEB7D2147EDF900367E02 /* Build configuration list for PBXNativeTarget "Employee-Company-2D_Array-CoreData" */ = {
			isa = XCConfigurationList;
			buildConfigurations = (
				844BEB7E2147EDF900367E02 /* Debug */,
				844BEB7F2147EDF900367E02 /* Release */,
			);
			defaultConfigurationIsVisible = 0;
			defaultConfigurationName = Release;
		};
/* End XCConfigurationList section */

/* Begin XCVersionGroup section */
		844BEB8A2149465500367E02 /* Workforce.xcdatamodeld */ = {
			isa = XCVersionGroup;
			children = (
				844BEB8B2149465500367E02 /* Workforce.xcdatamodel */,
			);
			currentVersion = 844BEB8B2149465500367E02 /* Workforce.xcdatamodel */;
			path = Workforce.xcdatamodeld;
			sourceTree = "<group>";
			versionGroupType = wrapper.xcdatamodel;
		};
/* End XCVersionGroup section */
	};
	rootObject = 844BEB632147EDF700367E02 /* Project object */;
}
